
Microsoft Visual Studio Solution File, Format Version 12.00
# Visual Studio Version 17
VisualStudioVersion = 17.1.32210.238
MinimumVisualStudioVersion = 10.0.40219.1
Project("{FAE04EC0-301F-11D3-BF4B-00C04F79EFBC}") = "TesteReturnArray", "TesteReturnArray.csproj", "{64F378D4-F8B7-453D-9487-04080E298456}"
EndProject
Global
	GlobalSection(SolutionConfigurationPlatforms) = preSolution
		Debug|Any CPU = Debug|Any CPU
		Release|Any CPU = Release|Any CPU
	EndGlobalSection
	GlobalSection(ProjectConfigurationPlatforms) = postSolution
		{64F378D4-F8B7-453D-9487-04080E298456}.Debug|Any CPU.ActiveCfg = Debug|Any CPU
		{64F378D4-F8B7-453D-9487-04080E298456}.Debug|Any CPU.Build.0 = Debug|Any CPU
		{64F378D4-F8B7-453D-9487-04080E298456}.Release|Any CPU.ActiveCfg = Release|Any CPU
		{64F378D4-F8B7-453D-9487-04080E298456}.Release|Any CPU.Build.0 = Release|Any CPU
	EndGlobalSection
	GlobalSection(SolutionProperties) = preSolution
		HideSolutionNode = FALSE
	EndGlobalSection
	GlobalSection(ExtensibilityGlobals) = postSolution
		SolutionGuid = {372AB10A-500B-4555-8259-F830EFBCE6AA}
	EndGlobalSection
EndGlobal
